
Microsoft Visual Studio Solution File, Format Version 12.00
# Visual Studio 2013
VisualStudioVersion = 12.0.31101.0
MinimumVisualStudioVersion = 10.0.40219.1
Project("{FAE04EC0-301F-11D3-BF4B-00C04F79EFBC}") = "MV.WebApi", "MV.WebApi\MV.WebApi.csproj", "{4062666C-EACA-4D48-8F2A-2B0BF731AD31}"
EndProject
Project("{FAE04EC0-301F-11D3-BF4B-00C04F79EFBC}") = "Test.MV.WebApi", "Test.MV.WebApi\Test.MV.WebApi.csproj", "{A6CE638A-0DAB-4083-B567-466E4687AA14}"
EndProject
Project("{2150E333-8FDC-42A3-9474-1A3956D46DE8}") = "MV.MobileApp", "MV.MobileApp", "{13798ED5-0D56-426A-A32D-0D06328A28EA}"
EndProject
Project("{D954291E-2A0B-460D-934E-DC6B0785DB48}") = "MV.MobileApp.Shared", "MV.MobileApp\MV.MobileApp.Shared\MV.MobileApp.Shared.shproj", "{99B71233-417D-4175-A939-F516DB827766}"
EndProject
Project("{FAE04EC0-301F-11D3-BF4B-00C04F79EFBC}") = "MV.MobileApp.Windows", "MV.MobileApp\MV.MobileApp.Windows\MV.MobileApp.Windows.csproj", "{5D9D07FE-5191-4CEC-9B7C-7AEBE72A3BCA}"
EndProject
Project("{FAE04EC0-301F-11D3-BF4B-00C04F79EFBC}") = "MV.MobileApp.WindowsPhone", "MV.MobileApp\MV.MobileApp.WindowsPhone\MV.MobileApp.WindowsPhone.csproj", "{C9034AC3-E458-47D8-8382-1263813C66C5}"
EndProject
Global
	GlobalSection(SharedMSBuildProjectFiles) = preSolution
		MV.MobileApp\MV.MobileApp.Shared\MV.MobileApp.Shared.projitems*{99b71233-417d-4175-a939-f516db827766}*SharedItemsImports = 13
		MV.MobileApp\MV.MobileApp.Shared\MV.MobileApp.Shared.projitems*{c9034ac3-e458-47d8-8382-1263813c66c5}*SharedItemsImports = 4
		MV.MobileApp\MV.MobileApp.Shared\MV.MobileApp.Shared.projitems*{5d9d07fe-5191-4cec-9b7c-7aebe72a3bca}*SharedItemsImports = 4
	EndGlobalSection
	GlobalSection(SolutionConfigurationPlatforms) = preSolution
		Debug|Any CPU = Debug|Any CPU
		Debug|ARM = Debug|ARM
		Debug|Mixed Platforms = Debug|Mixed Platforms
		Debug|x64 = Debug|x64
		Debug|x86 = Debug|x86
		Release|Any CPU = Release|Any CPU
		Release|ARM = Release|ARM
		Release|Mixed Platforms = Release|Mixed Platforms
		Release|x64 = Release|x64
		Release|x86 = Release|x86
	EndGlobalSection
	GlobalSection(ProjectConfigurationPlatforms) = postSolution
		{4062666C-EACA-4D48-8F2A-2B0BF731AD31}.Debug|Any CPU.ActiveCfg = Debug|Any CPU
		{4062666C-EACA-4D48-8F2A-2B0BF731AD31}.Debug|Any CPU.Build.0 = Debug|Any CPU
		{4062666C-EACA-4D48-8F2A-2B0BF731AD31}.Debug|ARM.ActiveCfg = Debug|Any CPU
		{4062666C-EACA-4D48-8F2A-2B0BF731AD31}.Debug|Mixed Platforms.ActiveCfg = Debug|Any CPU
		{4062666C-EACA-4D48-8F2A-2B0BF731AD31}.Debug|Mixed Platforms.Build.0 = Debug|Any CPU
		{4062666C-EACA-4D48-8F2A-2B0BF731AD31}.Debug|x64.ActiveCfg = Debug|Any CPU
		{4062666C-EACA-4D48-8F2A-2B0BF731AD31}.Debug|x86.ActiveCfg = Debug|Any CPU
		{4062666C-EACA-4D48-8F2A-2B0BF731AD31}.Release|Any CPU.ActiveCfg = Release|Any CPU
		{4062666C-EACA-4D48-8F2A-2B0BF731AD31}.Release|Any CPU.Build.0 = Release|Any CPU
		{4062666C-EACA-4D48-8F2A-2B0BF731AD31}.Release|ARM.ActiveCfg = Release|Any CPU
		{4062666C-EACA-4D48-8F2A-2B0BF731AD31}.Release|Mixed Platforms.ActiveCfg = Release|Any CPU
		{4062666C-EACA-4D48-8F2A-2B0BF731AD31}.Release|Mixed Platforms.Build.0 = Release|Any CPU
		{4062666C-EACA-4D48-8F2A-2B0BF731AD31}.Release|x64.ActiveCfg = Release|Any CPU
		{4062666C-EACA-4D48-8F2A-2B0BF731AD31}.Release|x86.ActiveCfg = Release|Any CPU
		{A6CE638A-0DAB-4083-B567-466E4687AA14}.Debug|Any CPU.ActiveCfg = Debug|x86
		{A6CE638A-0DAB-4083-B567-466E4687AA14}.Debug|ARM.ActiveCfg = Debug|x86
		{A6CE638A-0DAB-4083-B567-466E4687AA14}.Debug|Mixed Platforms.ActiveCfg = Debug|x86
		{A6CE638A-0DAB-4083-B567-466E4687AA14}.Debug|Mixed Platforms.Build.0 = Debug|x86
		{A6CE638A-0DAB-4083-B567-466E4687AA14}.Debug|x64.ActiveCfg = Debug|x86
		{A6CE638A-0DAB-4083-B567-466E4687AA14}.Debug|x86.ActiveCfg = Debug|x86
		{A6CE638A-0DAB-4083-B567-466E4687AA14}.Debug|x86.Build.0 = Debug|x86
		{A6CE638A-0DAB-4083-B567-466E4687AA14}.Release|Any CPU.ActiveCfg = Release|x86
		{A6CE638A-0DAB-4083-B567-466E4687AA14}.Release|ARM.ActiveCfg = Release|x86
		{A6CE638A-0DAB-4083-B567-466E4687AA14}.Release|Mixed Platforms.ActiveCfg = Release|x86
		{A6CE638A-0DAB-4083-B567-466E4687AA14}.Release|Mixed Platforms.Build.0 = Release|x86
		{A6CE638A-0DAB-4083-B567-466E4687AA14}.Release|x64.ActiveCfg = Release|x86
		{A6CE638A-0DAB-4083-B567-466E4687AA14}.Release|x86.ActiveCfg = Release|x86
		{A6CE638A-0DAB-4083-B567-466E4687AA14}.Release|x86.Build.0 = Release|x86
		{5D9D07FE-5191-4CEC-9B7C-7AEBE72A3BCA}.Debug|Any CPU.ActiveCfg = Debug|Any CPU
		{5D9D07FE-5191-4CEC-9B7C-7AEBE72A3BCA}.Debug|Any CPU.Build.0 = Debug|Any CPU
		{5D9D07FE-5191-4CEC-9B7C-7AEBE72A3BCA}.Debug|Any CPU.Deploy.0 = Debug|Any CPU
		{5D9D07FE-5191-4CEC-9B7C-7AEBE72A3BCA}.Debug|ARM.ActiveCfg = Debug|ARM
		{5D9D07FE-5191-4CEC-9B7C-7AEBE72A3BCA}.Debug|ARM.Build.0 = Debug|ARM
		{5D9D07FE-5191-4CEC-9B7C-7AEBE72A3BCA}.Debug|ARM.Deploy.0 = Debug|ARM
		{5D9D07FE-5191-4CEC-9B7C-7AEBE72A3BCA}.Debug|Mixed Platforms.ActiveCfg = Debug|x86
		{5D9D07FE-5191-4CEC-9B7C-7AEBE72A3BCA}.Debug|Mixed Platforms.Build.0 = Debug|x86
		{5D9D07FE-5191-4CEC-9B7C-7AEBE72A3BCA}.Debug|Mixed Platforms.Deploy.0 = Debug|x86
		{5D9D07FE-5191-4CEC-9B7C-7AEBE72A3BCA}.Debug|x64.ActiveCfg = Debug|x64
		{5D9D07FE-5191-4CEC-9B7C-7AEBE72A3BCA}.Debug|x64.Build.0 = Debug|x64
		{5D9D07FE-5191-4CEC-9B7C-7AEBE72A3BCA}.Debug|x64.Deploy.0 = Debug|x64
		{5D9D07FE-5191-4CEC-9B7C-7AEBE72A3BCA}.Debug|x86.ActiveCfg = Debug|x86
		{5D9D07FE-5191-4CEC-9B7C-7AEBE72A3BCA}.Debug|x86.Build.0 = Debug|x86
		{5D9D07FE-5191-4CEC-9B7C-7AEBE72A3BCA}.Debug|x86.Deploy.0 = Debug|x86
		{5D9D07FE-5191-4CEC-9B7C-7AEBE72A3BCA}.Release|Any CPU.ActiveCfg = Release|Any CPU
		{5D9D07FE-5191-4CEC-9B7C-7AEBE72A3BCA}.Release|Any CPU.Build.0 = Release|Any CPU
		{5D9D07FE-5191-4CEC-9B7C-7AEBE72A3BCA}.Release|Any CPU.Deploy.0 = Release|Any CPU
		{5D9D07FE-5191-4CEC-9B7C-7AEBE72A3BCA}.Release|ARM.ActiveCfg = Release|ARM
		{5D9D07FE-5191-4CEC-9B7C-7AEBE72A3BCA}.Release|ARM.Build.0 = Release|ARM
		{5D9D07FE-5191-4CEC-9B7C-7AEBE72A3BCA}.Release|ARM.Deploy.0 = Release|ARM
		{5D9D07FE-5191-4CEC-9B7C-7AEBE72A3BCA}.Release|Mixed Platforms.ActiveCfg = Release|x86
		{5D9D07FE-5191-4CEC-9B7C-7AEBE72A3BCA}.Release|Mixed Platforms.Build.0 = Release|x86
		{5D9D07FE-5191-4CEC-9B7C-7AEBE72A3BCA}.Release|Mixed Platforms.Deploy.0 = Release|x86
		{5D9D07FE-5191-4CEC-9B7C-7AEBE72A3BCA}.Release|x64.ActiveCfg = Release|x64
		{5D9D07FE-5191-4CEC-9B7C-7AEBE72A3BCA}.Release|x64.Build.0 = Release|x64
		{5D9D07FE-5191-4CEC-9B7C-7AEBE72A3BCA}.Release|x64.Deploy.0 = Release|x64
		{5D9D07FE-5191-4CEC-9B7C-7AEBE72A3BCA}.Release|x86.ActiveCfg = Release|x86
		{5D9D07FE-5191-4CEC-9B7C-7AEBE72A3BCA}.Release|x86.Build.0 = Release|x86
		{5D9D07FE-5191-4CEC-9B7C-7AEBE72A3BCA}.Release|x86.Deploy.0 = Release|x86
		{C9034AC3-E458-47D8-8382-1263813C66C5}.Debug|Any CPU.ActiveCfg = Debug|Any CPU
		{C9034AC3-E458-47D8-8382-1263813C66C5}.Debug|Any CPU.Build.0 = Debug|Any CPU
		{C9034AC3-E458-47D8-8382-1263813C66C5}.Debug|Any CPU.Deploy.0 = Debug|Any CPU
		{C9034AC3-E458-47D8-8382-1263813C66C5}.Debug|ARM.ActiveCfg = Debug|ARM
		{C9034AC3-E458-47D8-8382-1263813C66C5}.Debug|ARM.Build.0 = Debug|ARM
		{C9034AC3-E458-47D8-8382-1263813C66C5}.Debug|ARM.Deploy.0 = Debug|ARM
		{C9034AC3-E458-47D8-8382-1263813C66C5}.Debug|Mixed Platforms.ActiveCfg = Debug|x86
		{C9034AC3-E458-47D8-8382-1263813C66C5}.Debug|Mixed Platforms.Build.0 = Debug|x86
		{C9034AC3-E458-47D8-8382-1263813C66C5}.Debug|Mixed Platforms.Deploy.0 = Debug|x86
		{C9034AC3-E458-47D8-8382-1263813C66C5}.Debug|x64.ActiveCfg = Debug|Any CPU
		{C9034AC3-E458-47D8-8382-1263813C66C5}.Debug|x86.ActiveCfg = Debug|x86
		{C9034AC3-E458-47D8-8382-1263813C66C5}.Debug|x86.Build.0 = Debug|x86
		{C9034AC3-E458-47D8-8382-1263813C66C5}.Debug|x86.Deploy.0 = Debug|x86
		{C9034AC3-E458-47D8-8382-1263813C66C5}.Release|Any CPU.ActiveCfg = Release|Any CPU
		{C9034AC3-E458-47D8-8382-1263813C66C5}.Release|Any CPU.Build.0 = Release|Any CPU
		{C9034AC3-E458-47D8-8382-1263813C66C5}.Release|Any CPU.Deploy.0 = Release|Any CPU
		{C9034AC3-E458-47D8-8382-1263813C66C5}.Release|ARM.ActiveCfg = Release|ARM
		{C9034AC3-E458-47D8-8382-1263813C66C5}.Release|ARM.Build.0 = Release|ARM
		{C9034AC3-E458-47D8-8382-1263813C66C5}.Release|ARM.Deploy.0 = Release|ARM
		{C9034AC3-E458-47D8-8382-1263813C66C5}.Release|Mixed Platforms.ActiveCfg = Release|x86
		{C9034AC3-E458-47D8-8382-1263813C66C5}.Release|Mixed Platforms.Build.0 = Release|x86
		{C9034AC3-E458-47D8-8382-1263813C66C5}.Release|Mixed Platforms.Deploy.0 = Release|x86
		{C9034AC3-E458-47D8-8382-1263813C66C5}.Release|x64.ActiveCfg = Release|Any CPU
		{C9034AC3-E458-47D8-8382-1263813C66C5}.Release|x86.ActiveCfg = Release|x86
		{C9034AC3-E458-47D8-8382-1263813C66C5}.Release|x86.Build.0 = Release|x86
		{C9034AC3-E458-47D8-8382-1263813C66C5}.Release|x86.Deploy.0 = Release|x86
	EndGlobalSection
	GlobalSection(SolutionProperties) = preSolution
		HideSolutionNode = FALSE
	EndGlobalSection
	GlobalSection(NestedProjects) = preSolution
		{99B71233-417D-4175-A939-F516DB827766} = {13798ED5-0D56-426A-A32D-0D06328A28EA}
		{5D9D07FE-5191-4CEC-9B7C-7AEBE72A3BCA} = {13798ED5-0D56-426A-A32D-0D06328A28EA}
		{C9034AC3-E458-47D8-8382-1263813C66C5} = {13798ED5-0D56-426A-A32D-0D06328A28EA}
	EndGlobalSection
EndGlobal
